
Microsoft Visual Studio Solution File, Format Version 12.00
# Visual Studio Version 17
VisualStudioVersion = 17.10.34916.146
MinimumVisualStudioVersion = 10.0.40219.1
Project("{9A19103F-16F7-4668-BE54-9A1E7A4F7556}") = "azure-app-km-vs", "azure-app-km-vs\azure-app-km-vs.csproj", "{FBDB3103-2288-447E-9824-E4A9AF95FAEA}"
EndProject
Global
	GlobalSection(SolutionConfigurationPlatforms) = preSolution
		Debug|Any CPU = Debug|Any CPU
		Release|Any CPU = Release|Any CPU
	EndGlobalSection
	GlobalSection(ProjectConfigurationPlatforms) = postSolution
		{FBDB3103-2288-447E-9824-E4A9AF95FAEA}.Debug|Any CPU.ActiveCfg = Debug|Any CPU
		{FBDB3103-2288-447E-9824-E4A9AF95FAEA}.Debug|Any CPU.Build.0 = Debug|Any CPU
		{FBDB3103-2288-447E-9824-E4A9AF95FAEA}.Release|Any CPU.ActiveCfg = Release|Any CPU
		{FBDB3103-2288-447E-9824-E4A9AF95FAEA}.Release|Any CPU.Build.0 = Release|Any CPU
	EndGlobalSection
	GlobalSection(SolutionProperties) = preSolution
		HideSolutionNode = FALSE
	EndGlobalSection
	GlobalSection(ExtensibilityGlobals) = postSolution
		SolutionGuid = {A64D417E-2AE9-47A7-8F7D-6135F6F5EB80}
	EndGlobalSection
EndGlobal
